
Microsoft Visual Studio Solution File, Format Version 12.00
# Visual Studio 15
Project("{FAE04EC0-301F-11D3-BF4B-00C04F79EFBC}") = "xBimSample", "Assembly-CSharp.csproj", "{F8AC7FE7-AB2A-CC7D-FB4D-6FA495917ADF}"
EndProject
Global
	GlobalSection(SolutionConfigurationPlatforms) = preSolution
		Debug|Any CPU = Debug|Any CPU
		Release|Any CPU = Release|Any CPU
	EndGlobalSection
	GlobalSection(ProjectConfigurationPlatforms) = postSolution
		{F8AC7FE7-AB2A-CC7D-FB4D-6FA495917ADF}.Debug|Any CPU.ActiveCfg = Debug|Any CPU
		{F8AC7FE7-AB2A-CC7D-FB4D-6FA495917ADF}.Debug|Any CPU.Build.0 = Debug|Any CPU
		{F8AC7FE7-AB2A-CC7D-FB4D-6FA495917ADF}.Release|Any CPU.ActiveCfg = Release|Any CPU
		{F8AC7FE7-AB2A-CC7D-FB4D-6FA495917ADF}.Release|Any CPU.Build.0 = Release|Any CPU
	EndGlobalSection
	GlobalSection(SolutionProperties) = preSolution
		HideSolutionNode = FALSE
	EndGlobalSection
EndGlobal
